// !$*UTF8*$!
{
	archiveVersion = 1;
	classes = {
	};
	objectVersion = 52;
	objects = {

/* Begin PBXBuildFile section */
		AB21BF2225C5A7DA0053DA96 /* CompileView.swift in Sources */ = {isa = PBXBuildFile; fileRef = AB21BF2125C5A7DA0053DA96 /* CompileView.swift */; };
		AB21F43A25DC7E15006A5236 /* SourceCodeRegexLexer.swift in Sources */ = {isa = PBXBuildFile; fileRef = AB21F41925DC7E15006A5236 /* SourceCodeRegexLexer.swift */; };
		AB21F43B25DC7E15006A5236 /* String+Range.swift in Sources */ = {isa = PBXBuildFile; fileRef = AB21F41B25DC7E15006A5236 /* String+Range.swift */; };
		AB21F43C25DC7E15006A5236 /* NSTextView+UIKit.swift in Sources */ = {isa = PBXBuildFile; fileRef = AB21F41C25DC7E15006A5236 /* NSTextView+UIKit.swift */; };
		AB21F43D25DC7E15006A5236 /* Types.swift in Sources */ = {isa = PBXBuildFile; fileRef = AB21F41D25DC7E15006A5236 /* Types.swift */; };
		AB21F43E25DC7E15006A5236 /* NSMutableAttributedString+Tokens.swift in Sources */ = {isa = PBXBuildFile; fileRef = AB21F41E25DC7E15006A5236 /* NSMutableAttributedString+Tokens.swift */; };
		AB21F43F25DC7E15006A5236 /* Python3Lexer.swift in Sources */ = {isa = PBXBuildFile; fileRef = AB21F42025DC7E15006A5236 /* Python3Lexer.swift */; };
		AB21F44025DC7E15006A5236 /* AssemblyLexer.swift in Sources */ = {isa = PBXBuildFile; fileRef = AB21F42125DC7E15006A5236 /* AssemblyLexer.swift */; };
		AB21F44125DC7E15006A5236 /* SwiftLexer.swift in Sources */ = {isa = PBXBuildFile; fileRef = AB21F42225DC7E15006A5236 /* SwiftLexer.swift */; };
		AB21F44225DC7E15006A5236 /* JavaLexer.swift in Sources */ = {isa = PBXBuildFile; fileRef = AB21F42325DC7E15006A5236 /* JavaLexer.swift */; };
		AB21F44325DC7E15006A5236 /* JavaScriptLexer.swift in Sources */ = {isa = PBXBuildFile; fileRef = AB21F42425DC7E15006A5236 /* JavaScriptLexer.swift */; };
		AB21F44425DC7E15006A5236 /* ASTVisualizer.swift in Sources */ = {isa = PBXBuildFile; fileRef = AB21F42525DC7E15006A5236 /* ASTVisualizer.swift */; };
		AB21F44525DC7E15006A5236 /* Lexer.swift in Sources */ = {isa = PBXBuildFile; fileRef = AB21F42725DC7E15006A5236 /* Lexer.swift */; };
		AB21F44625DC7E15006A5236 /* Paragraph.swift in Sources */ = {isa = PBXBuildFile; fileRef = AB21F42825DC7E15006A5236 /* Paragraph.swift */; };
		AB21F44725DC7E15006A5236 /* SyntaxColorTheme.swift in Sources */ = {isa = PBXBuildFile; fileRef = AB21F42925DC7E15006A5236 /* SyntaxColorTheme.swift */; };
		AB21F44825DC7E15006A5236 /* Token.swift in Sources */ = {isa = PBXBuildFile; fileRef = AB21F42A25DC7E15006A5236 /* Token.swift */; };
		AB21F44925DC7E15006A5236 /* RegexLexer.swift in Sources */ = {isa = PBXBuildFile; fileRef = AB21F42B25DC7E15006A5236 /* RegexLexer.swift */; };
		AB21F44A25DC7E15006A5236 /* SyntaxTextView.swift in Sources */ = {isa = PBXBuildFile; fileRef = AB21F42D25DC7E15006A5236 /* SyntaxTextView.swift */; };
		AB21F44B25DC7E15006A5236 /* SyntaxTextView+TextViewDelegate.swift in Sources */ = {isa = PBXBuildFile; fileRef = AB21F42E25DC7E15006A5236 /* SyntaxTextView+TextViewDelegate.swift */; };
		AB21F44C25DC7E15006A5236 /* InnerTextView.swift in Sources */ = {isa = PBXBuildFile; fileRef = AB21F42F25DC7E15006A5236 /* InnerTextView.swift */; };
		AB21F44D25DC7E15006A5236 /* TextViewWrapperView.swift in Sources */ = {isa = PBXBuildFile; fileRef = AB21F43025DC7E15006A5236 /* TextViewWrapperView.swift */; };
		AB21F44E25DC7E15006A5236 /* LineNumberLayoutManager.swift in Sources */ = {isa = PBXBuildFile; fileRef = AB21F43125DC7E15006A5236 /* LineNumberLayoutManager.swift */; };
		AB21F44F25DC7E15006A5236 /* SyntaxTextViewLayoutManager.swift in Sources */ = {isa = PBXBuildFile; fileRef = AB21F43225DC7E15006A5236 /* SyntaxTextViewLayoutManager.swift */; };
		AB21F45025DC7E15006A5236 /* Paragraphs.swift in Sources */ = {isa = PBXBuildFile; fileRef = AB21F43325DC7E15006A5236 /* Paragraphs.swift */; };
		AB21F45125DC7E15006A5236 /* SourceCodeTheme.swift in Sources */ = {isa = PBXBuildFile; fileRef = AB21F43425DC7E15006A5236 /* SourceCodeTheme.swift */; };
		AB21F45225DC7E15006A5236 /* SourceCodeToken.swift in Sources */ = {isa = PBXBuildFile; fileRef = AB21F43525DC7E15006A5236 /* SourceCodeToken.swift */; };
		AB21F45325DC7E15006A5236 /* DefaultSourceCodeTheme.swift in Sources */ = {isa = PBXBuildFile; fileRef = AB21F43725DC7E15006A5236 /* DefaultSourceCodeTheme.swift */; };
		AB21F45425DC7E15006A5236 /* SourceCodeTextEditor.swift in Sources */ = {isa = PBXBuildFile; fileRef = AB21F43925DC7E15006A5236 /* SourceCodeTextEditor.swift */; };
		AB21F45C25E0FEDF006A5236 /* TerminalTask.swift in Sources */ = {isa = PBXBuildFile; fileRef = AB21F45B25E0FEDF006A5236 /* TerminalTask.swift */; };
		AB541B0125C16A1500ECEBE2 /* NASMerApp.swift in Sources */ = {isa = PBXBuildFile; fileRef = AB541B0025C16A1500ECEBE2 /* NASMerApp.swift */; };
		AB541B0325C16A1500ECEBE2 /* ContentView.swift in Sources */ = {isa = PBXBuildFile; fileRef = AB541B0225C16A1500ECEBE2 /* ContentView.swift */; };
		AB541B0525C16A1600ECEBE2 /* Assets.xcassets in Resources */ = {isa = PBXBuildFile; fileRef = AB541B0425C16A1600ECEBE2 /* Assets.xcassets */; };
		AB541B0825C16A1600ECEBE2 /* Preview Assets.xcassets in Resources */ = {isa = PBXBuildFile; fileRef = AB541B0725C16A1600ECEBE2 /* Preview Assets.xcassets */; };
		ABC9F1D825E970050058EE1F /* ArgumentParser in Frameworks */ = {isa = PBXBuildFile; productRef = ABC9F1D725E970050058EE1F /* ArgumentParser */; };
		ABC9F1DC25E9718D0058EE1F /* SwiftShell in Frameworks */ = {isa = PBXBuildFile; productRef = ABC9F1DB25E9718D0058EE1F /* SwiftShell */; };
		ABE5B4FA25D97B2E005DA2B4 /* DataModel.swift in Sources */ = {isa = PBXBuildFile; fileRef = ABE5B4F925D97B2E005DA2B4 /* DataModel.swift */; };
		ABF87D0525E4E6290049351F /* CompileSettingWindowConfig.swift in Sources */ = {isa = PBXBuildFile; fileRef = ABF87D0425E4E6290049351F /* CompileSettingWindowConfig.swift */; };
/* End PBXBuildFile section */

/* Begin PBXFileReference section */
		AB21BF2125C5A7DA0053DA96 /* CompileView.swift */ = {isa = PBXFileReference; lastKnownFileType = sourcecode.swift; path = CompileView.swift; sourceTree = "<group>"; };
		AB21F41925DC7E15006A5236 /* SourceCodeRegexLexer.swift */ = {isa = PBXFileReference; fileEncoding = 4; lastKnownFileType = sourcecode.swift; path = SourceCodeRegexLexer.swift; sourceTree = "<group>"; };
		AB21F41B25DC7E15006A5236 /* String+Range.swift */ = {isa = PBXFileReference; fileEncoding = 4; lastKnownFileType = sourcecode.swift; path = "String+Range.swift"; sourceTree = "<group>"; };
		AB21F41C25DC7E15006A5236 /* NSTextView+UIKit.swift */ = {isa = PBXFileReference; fileEncoding = 4; lastKnownFileType = sourcecode.swift; path = "NSTextView+UIKit.swift"; sourceTree = "<group>"; };
		AB21F41D25DC7E15006A5236 /* Types.swift */ = {isa = PBXFileReference; fileEncoding = 4; lastKnownFileType = sourcecode.swift; path = Types.swift; sourceTree = "<group>"; };
		AB21F41E25DC7E15006A5236 /* NSMutableAttributedString+Tokens.swift */ = {isa = PBXFileReference; fileEncoding = 4; lastKnownFileType = sourcecode.swift; path = "NSMutableAttributedString+Tokens.swift"; sourceTree = "<group>"; };
		AB21F42025DC7E15006A5236 /* Python3Lexer.swift */ = {isa = PBXFileReference; fileEncoding = 4; lastKnownFileType = sourcecode.swift; path = Python3Lexer.swift; sourceTree = "<group>"; };
		AB21F42125DC7E15006A5236 /* AssemblyLexer.swift */ = {isa = PBXFileReference; fileEncoding = 4; lastKnownFileType = sourcecode.swift; path = AssemblyLexer.swift; sourceTree = "<group>"; };
		AB21F42225DC7E15006A5236 /* SwiftLexer.swift */ = {isa = PBXFileReference; fileEncoding = 4; lastKnownFileType = sourcecode.swift; path = SwiftLexer.swift; sourceTree = "<group>"; };
		AB21F42325DC7E15006A5236 /* JavaLexer.swift */ = {isa = PBXFileReference; fileEncoding = 4; lastKnownFileType = sourcecode.swift; path = JavaLexer.swift; sourceTree = "<group>"; };
		AB21F42425DC7E15006A5236 /* JavaScriptLexer.swift */ = {isa = PBXFileReference; fileEncoding = 4; lastKnownFileType = sourcecode.swift; path = JavaScriptLexer.swift; sourceTree = "<group>"; };
		AB21F42525DC7E15006A5236 /* ASTVisualizer.swift */ = {isa = PBXFileReference; fileEncoding = 4; lastKnownFileType = sourcecode.swift; path = ASTVisualizer.swift; sourceTree = "<group>"; };
		AB21F42725DC7E15006A5236 /* Lexer.swift */ = {isa = PBXFileReference; fileEncoding = 4; lastKnownFileType = sourcecode.swift; path = Lexer.swift; sourceTree = "<group>"; };
		AB21F42825DC7E15006A5236 /* Paragraph.swift */ = {isa = PBXFileReference; fileEncoding = 4; lastKnownFileType = sourcecode.swift; path = Paragraph.swift; sourceTree = "<group>"; };
		AB21F42925DC7E15006A5236 /* SyntaxColorTheme.swift */ = {isa = PBXFileReference; fileEncoding = 4; lastKnownFileType = sourcecode.swift; path = SyntaxColorTheme.swift; sourceTree = "<group>"; };
		AB21F42A25DC7E15006A5236 /* Token.swift */ = {isa = PBXFileReference; fileEncoding = 4; lastKnownFileType = sourcecode.swift; path = Token.swift; sourceTree = "<group>"; };
		AB21F42B25DC7E15006A5236 /* RegexLexer.swift */ = {isa = PBXFileReference; fileEncoding = 4; lastKnownFileType = sourcecode.swift; path = RegexLexer.swift; sourceTree = "<group>"; };
		AB21F42D25DC7E15006A5236 /* SyntaxTextView.swift */ = {isa = PBXFileReference; fileEncoding = 4; lastKnownFileType = sourcecode.swift; path = SyntaxTextView.swift; sourceTree = "<group>"; };
		AB21F42E25DC7E15006A5236 /* SyntaxTextView+TextViewDelegate.swift */ = {isa = PBXFileReference; fileEncoding = 4; lastKnownFileType = sourcecode.swift; path = "SyntaxTextView+TextViewDelegate.swift"; sourceTree = "<group>"; };
		AB21F42F25DC7E15006A5236 /* InnerTextView.swift */ = {isa = PBXFileReference; fileEncoding = 4; lastKnownFileType = sourcecode.swift; path = InnerTextView.swift; sourceTree = "<group>"; };
		AB21F43025DC7E15006A5236 /* TextViewWrapperView.swift */ = {isa = PBXFileReference; fileEncoding = 4; lastKnownFileType = sourcecode.swift; path = TextViewWrapperView.swift; sourceTree = "<group>"; };
		AB21F43125DC7E15006A5236 /* LineNumberLayoutManager.swift */ = {isa = PBXFileReference; fileEncoding = 4; lastKnownFileType = sourcecode.swift; path = LineNumberLayoutManager.swift; sourceTree = "<group>"; };
		AB21F43225DC7E15006A5236 /* SyntaxTextViewLayoutManager.swift */ = {isa = PBXFileReference; fileEncoding = 4; lastKnownFileType = sourcecode.swift; path = SyntaxTextViewLayoutManager.swift; sourceTree = "<group>"; };
		AB21F43325DC7E15006A5236 /* Paragraphs.swift */ = {isa = PBXFileReference; fileEncoding = 4; lastKnownFileType = sourcecode.swift; path = Paragraphs.swift; sourceTree = "<group>"; };
		AB21F43425DC7E15006A5236 /* SourceCodeTheme.swift */ = {isa = PBXFileReference; fileEncoding = 4; lastKnownFileType = sourcecode.swift; path = SourceCodeTheme.swift; sourceTree = "<group>"; };
		AB21F43525DC7E15006A5236 /* SourceCodeToken.swift */ = {isa = PBXFileReference; fileEncoding = 4; lastKnownFileType = sourcecode.swift; path = SourceCodeToken.swift; sourceTree = "<group>"; };
		AB21F43725DC7E15006A5236 /* DefaultSourceCodeTheme.swift */ = {isa = PBXFileReference; fileEncoding = 4; lastKnownFileType = sourcecode.swift; path = DefaultSourceCodeTheme.swift; sourceTree = "<group>"; };
		AB21F43925DC7E15006A5236 /* SourceCodeTextEditor.swift */ = {isa = PBXFileReference; fileEncoding = 4; lastKnownFileType = sourcecode.swift; path = SourceCodeTextEditor.swift; sourceTree = "<group>"; };
		AB21F45B25E0FEDF006A5236 /* TerminalTask.swift */ = {isa = PBXFileReference; lastKnownFileType = sourcecode.swift; path = TerminalTask.swift; sourceTree = "<group>"; };
		AB541AFD25C16A1500ECEBE2 /* NASMer.app */ = {isa = PBXFileReference; explicitFileType = wrapper.application; includeInIndex = 0; path = NASMer.app; sourceTree = BUILT_PRODUCTS_DIR; };
		AB541B0025C16A1500ECEBE2 /* NASMerApp.swift */ = {isa = PBXFileReference; lastKnownFileType = sourcecode.swift; path = NASMerApp.swift; sourceTree = "<group>"; };
		AB541B0225C16A1500ECEBE2 /* ContentView.swift */ = {isa = PBXFileReference; lastKnownFileType = sourcecode.swift; path = ContentView.swift; sourceTree = "<group>"; };
		AB541B0425C16A1600ECEBE2 /* Assets.xcassets */ = {isa = PBXFileReference; lastKnownFileType = folder.assetcatalog; path = Assets.xcassets; sourceTree = "<group>"; };
		AB541B0725C16A1600ECEBE2 /* Preview Assets.xcassets */ = {isa = PBXFileReference; lastKnownFileType = folder.assetcatalog; path = "Preview Assets.xcassets"; sourceTree = "<group>"; };
		AB541B0925C16A1600ECEBE2 /* Info.plist */ = {isa = PBXFileReference; lastKnownFileType = text.plist.xml; path = Info.plist; sourceTree = "<group>"; };
		AB541B0A25C16A1600ECEBE2 /* NASMer.entitlements */ = {isa = PBXFileReference; lastKnownFileType = text.plist.entitlements; path = NASMer.entitlements; sourceTree = "<group>"; };
		ABE5B4F925D97B2E005DA2B4 /* DataModel.swift */ = {isa = PBXFileReference; lastKnownFileType = sourcecode.swift; path = DataModel.swift; sourceTree = "<group>"; };
		ABF87D0425E4E6290049351F /* CompileSettingWindowConfig.swift */ = {isa = PBXFileReference; fileEncoding = 4; lastKnownFileType = sourcecode.swift; path = CompileSettingWindowConfig.swift; sourceTree = "<group>"; };
/* End PBXFileReference section */

/* Begin PBXFrameworksBuildPhase section */
		AB541AFA25C16A1500ECEBE2 /* Frameworks */ = {
			isa = PBXFrameworksBuildPhase;
			buildActionMask = 2147483647;
			files = (
				ABC9F1D825E970050058EE1F /* ArgumentParser in Frameworks */,
				ABC9F1DC25E9718D0058EE1F /* SwiftShell in Frameworks */,
			);
			runOnlyForDeploymentPostprocessing = 0;
		};
/* End PBXFrameworksBuildPhase section */

/* Begin PBXGroup section */
		AB21BF4425C7DD4E0053DA96 /* Frameworks */ = {
			isa = PBXGroup;
			children = (
			);
			name = Frameworks;
			sourceTree = "<group>";
		};
		AB21F41825DC7E15006A5236 /* Sourceful */ = {
			isa = PBXGroup;
			children = (
				AB21F41925DC7E15006A5236 /* SourceCodeRegexLexer.swift */,
				AB21F41A25DC7E15006A5236 /* Util */,
				AB21F41F25DC7E15006A5236 /* Languages */,
				AB21F42525DC7E15006A5236 /* ASTVisualizer.swift */,
				AB21F42625DC7E15006A5236 /* Model */,
				AB21F42C25DC7E15006A5236 /* View */,
				AB21F43425DC7E15006A5236 /* SourceCodeTheme.swift */,
				AB21F43525DC7E15006A5236 /* SourceCodeToken.swift */,
				AB21F43625DC7E15006A5236 /* Themes */,
				AB21F43825DC7E15006A5236 /* SwiftUI */,
			);
			name = Sourceful;
			path = NASMer/Sourceful;
			sourceTree = "<group>";
		};
		AB21F41A25DC7E15006A5236 /* Util */ = {
			isa = PBXGroup;
			children = (
				AB21F41B25DC7E15006A5236 /* String+Range.swift */,
				AB21F41C25DC7E15006A5236 /* NSTextView+UIKit.swift */,
				AB21F41D25DC7E15006A5236 /* Types.swift */,
				AB21F41E25DC7E15006A5236 /* NSMutableAttributedString+Tokens.swift */,
			);
			path = Util;
			sourceTree = "<group>";
		};
		AB21F41F25DC7E15006A5236 /* Languages */ = {
			isa = PBXGroup;
			children = (
				AB21F42025DC7E15006A5236 /* Python3Lexer.swift */,
				AB21F42125DC7E15006A5236 /* AssemblyLexer.swift */,
				AB21F42225DC7E15006A5236 /* SwiftLexer.swift */,
				AB21F42325DC7E15006A5236 /* JavaLexer.swift */,
				AB21F42425DC7E15006A5236 /* JavaScriptLexer.swift */,
			);
			path = Languages;
			sourceTree = "<group>";
		};
		AB21F42625DC7E15006A5236 /* Model */ = {
			isa = PBXGroup;
			children = (
				AB21F42725DC7E15006A5236 /* Lexer.swift */,
				AB21F42825DC7E15006A5236 /* Paragraph.swift */,
				AB21F42925DC7E15006A5236 /* SyntaxColorTheme.swift */,
				AB21F42A25DC7E15006A5236 /* Token.swift */,
				AB21F42B25DC7E15006A5236 /* RegexLexer.swift */,
			);
			path = Model;
			sourceTree = "<group>";
		};
		AB21F42C25DC7E15006A5236 /* View */ = {
			isa = PBXGroup;
			children = (
				AB21F42D25DC7E15006A5236 /* SyntaxTextView.swift */,
				AB21F42E25DC7E15006A5236 /* SyntaxTextView+TextViewDelegate.swift */,
				AB21F42F25DC7E15006A5236 /* InnerTextView.swift */,
				AB21F43025DC7E15006A5236 /* TextViewWrapperView.swift */,
				AB21F43125DC7E15006A5236 /* LineNumberLayoutManager.swift */,
				AB21F43225DC7E15006A5236 /* SyntaxTextViewLayoutManager.swift */,
				AB21F43325DC7E15006A5236 /* Paragraphs.swift */,
			);
			path = View;
			sourceTree = "<group>";
		};
		AB21F43625DC7E15006A5236 /* Themes */ = {
			isa = PBXGroup;
			children = (
				AB21F43725DC7E15006A5236 /* DefaultSourceCodeTheme.swift */,
			);
			path = Themes;
			sourceTree = "<group>";
		};
		AB21F43825DC7E15006A5236 /* SwiftUI */ = {
			isa = PBXGroup;
			children = (
				AB21F43925DC7E15006A5236 /* SourceCodeTextEditor.swift */,
			);
			path = SwiftUI;
			sourceTree = "<group>";
		};
		AB541AF425C16A1500ECEBE2 = {
			isa = PBXGroup;
			children = (
				AB21F41825DC7E15006A5236 /* Sourceful */,
				AB541AFF25C16A1500ECEBE2 /* NASMer */,
				AB541AFE25C16A1500ECEBE2 /* Products */,
				AB21BF4425C7DD4E0053DA96 /* Frameworks */,
			);
			sourceTree = "<group>";
		};
		AB541AFE25C16A1500ECEBE2 /* Products */ = {
			isa = PBXGroup;
			children = (
				AB541AFD25C16A1500ECEBE2 /* NASMer.app */,
			);
			name = Products;
			sourceTree = "<group>";
		};
		AB541AFF25C16A1500ECEBE2 /* NASMer */ = {
			isa = PBXGroup;
			children = (
				AB541B0025C16A1500ECEBE2 /* NASMerApp.swift */,
				AB541B0225C16A1500ECEBE2 /* ContentView.swift */,
				ABE5B4F925D97B2E005DA2B4 /* DataModel.swift */,
				AB21BF2125C5A7DA0053DA96 /* CompileView.swift */,
				AB541B0425C16A1600ECEBE2 /* Assets.xcassets */,
				AB541B0925C16A1600ECEBE2 /* Info.plist */,
				AB541B0A25C16A1600ECEBE2 /* NASMer.entitlements */,
				AB541B0625C16A1600ECEBE2 /* Preview Content */,
				ABF87D0425E4E6290049351F /* CompileSettingWindowConfig.swift */,
				AB21F45B25E0FEDF006A5236 /* TerminalTask.swift */,
			);
			path = NASMer;
			sourceTree = "<group>";
		};
		AB541B0625C16A1600ECEBE2 /* Preview Content */ = {
			isa = PBXGroup;
			children = (
				AB541B0725C16A1600ECEBE2 /* Preview Assets.xcassets */,
			);
			path = "Preview Content";
			sourceTree = "<group>";
		};
/* End PBXGroup section */

/* Begin PBXNativeTarget section */
		AB541AFC25C16A1500ECEBE2 /* NASMer */ = {
			isa = PBXNativeTarget;
			buildConfigurationList = AB541B0D25C16A1600ECEBE2 /* Build configuration list for PBXNativeTarget "NASMer" */;
			buildPhases = (
				AB541AF925C16A1500ECEBE2 /* Sources */,
				AB541AFA25C16A1500ECEBE2 /* Frameworks */,
				AB541AFB25C16A1500ECEBE2 /* Resources */,
			);
			buildRules = (
			);
			dependencies = (
			);
			name = NASMer;
			packageProductDependencies = (
				ABC9F1D725E970050058EE1F /* ArgumentParser */,
				ABC9F1DB25E9718D0058EE1F /* SwiftShell */,
			);
			productName = NASMer;
			productReference = AB541AFD25C16A1500ECEBE2 /* NASMer.app */;
			productType = "com.apple.product-type.application";
		};
/* End PBXNativeTarget section */

/* Begin PBXProject section */
		AB541AF525C16A1500ECEBE2 /* Project object */ = {
			isa = PBXProject;
			attributes = {
				LastSwiftUpdateCheck = 1230;
				LastUpgradeCheck = 1240;
				TargetAttributes = {
					AB541AFC25C16A1500ECEBE2 = {
						CreatedOnToolsVersion = 12.3;
						LastSwiftMigration = 1240;
					};
				};
			};
			buildConfigurationList = AB541AF825C16A1500ECEBE2 /* Build configuration list for PBXProject "NASMer" */;
			compatibilityVersion = "Xcode 9.3";
			developmentRegion = en;
			hasScannedForEncodings = 0;
			knownRegions = (
				en,
				Base,
			);
			mainGroup = AB541AF425C16A1500ECEBE2;
			packageReferences = (
				ABC9F1D625E970050058EE1F /* XCRemoteSwiftPackageReference "swift-argument-parser" */,
				ABC9F1DA25E9718D0058EE1F /* XCRemoteSwiftPackageReference "SwiftShell" */,
			);
			productRefGroup = AB541AFE25C16A1500ECEBE2 /* Products */;
			projectDirPath = "";
			projectRoot = "";
			targets = (
				AB541AFC25C16A1500ECEBE2 /* NASMer */,
			);
		};
/* End PBXProject section */

/* Begin PBXResourcesBuildPhase section */
		AB541AFB25C16A1500ECEBE2 /* Resources */ = {
			isa = PBXResourcesBuildPhase;
			buildActionMask = 2147483647;
			files = (
				AB541B0825C16A1600ECEBE2 /* Preview Assets.xcassets in Resources */,
				AB541B0525C16A1600ECEBE2 /* Assets.xcassets in Resources */,
			);
			runOnlyForDeploymentPostprocessing = 0;
		};
/* End PBXResourcesBuildPhase section */

/* Begin PBXSourcesBuildPhase section */
		AB541AF925C16A1500ECEBE2 /* Sources */ = {
			isa = PBXSourcesBuildPhase;
			buildActionMask = 2147483647;
			files = (
				AB541B0325C16A1500ECEBE2 /* ContentView.swift in Sources */,
				ABE5B4FA25D97B2E005DA2B4 /* DataModel.swift in Sources */,
				AB21F44C25DC7E15006A5236 /* InnerTextView.swift in Sources */,
				AB21F44D25DC7E15006A5236 /* TextViewWrapperView.swift in Sources */,
				ABF87D0525E4E6290049351F /* CompileSettingWindowConfig.swift in Sources */,
				AB21F43D25DC7E15006A5236 /* Types.swift in Sources */,
				AB21F43A25DC7E15006A5236 /* SourceCodeRegexLexer.swift in Sources */,
				AB21F43B25DC7E15006A5236 /* String+Range.swift in Sources */,
				AB21F45C25E0FEDF006A5236 /* TerminalTask.swift in Sources */,
				AB21F44725DC7E15006A5236 /* SyntaxColorTheme.swift in Sources */,
				AB21F44E25DC7E15006A5236 /* LineNumberLayoutManager.swift in Sources */,
				AB21F44225DC7E15006A5236 /* JavaLexer.swift in Sources */,
				AB21F44325DC7E15006A5236 /* JavaScriptLexer.swift in Sources */,
				AB21F44425DC7E15006A5236 /* ASTVisualizer.swift in Sources */,
				AB21F44925DC7E15006A5236 /* RegexLexer.swift in Sources */,
				AB21F45025DC7E15006A5236 /* Paragraphs.swift in Sources */,
				AB21F44025DC7E15006A5236 /* AssemblyLexer.swift in Sources */,
				AB21BF2225C5A7DA0053DA96 /* CompileView.swift in Sources */,
				AB21F44125DC7E15006A5236 /* SwiftLexer.swift in Sources */,
				AB21F45225DC7E15006A5236 /* SourceCodeToken.swift in Sources */,
				AB21F45425DC7E15006A5236 /* SourceCodeTextEditor.swift in Sources */,
				AB21F43E25DC7E15006A5236 /* NSMutableAttributedString+Tokens.swift in Sources */,
				AB21F44825DC7E15006A5236 /* Token.swift in Sources */,
				AB21F44F25DC7E15006A5236 /* SyntaxTextViewLayoutManager.swift in Sources */,
				AB21F44A25DC7E15006A5236 /* SyntaxTextView.swift in Sources */,
				AB21F44625DC7E15006A5236 /* Paragraph.swift in Sources */,
				AB541B0125C16A1500ECEBE2 /* NASMerApp.swift in Sources */,
				AB21F45125DC7E15006A5236 /* SourceCodeTheme.swift in Sources */,
				AB21F45325DC7E15006A5236 /* DefaultSourceCodeTheme.swift in Sources */,
				AB21F43F25DC7E15006A5236 /* Python3Lexer.swift in Sources */,
				AB21F44B25DC7E15006A5236 /* SyntaxTextView+TextViewDelegate.swift in Sources */,
				AB21F44525DC7E15006A5236 /* Lexer.swift in Sources */,
				AB21F43C25DC7E15006A5236 /* NSTextView+UIKit.swift in Sources */,
			);
			runOnlyForDeploymentPostprocessing = 0;
		};
/* End PBXSourcesBuildPhase section */

/* Begin XCBuildConfiguration section */
		AB541B0B25C16A1600ECEBE2 /* Debug */ = {
			isa = XCBuildConfiguration;
			buildSettings = {
				ALWAYS_SEARCH_USER_PATHS = NO;
				CLANG_ANALYZER_NONNULL = YES;
				CLANG_ANALYZER_NUMBER_OBJECT_CONVERSION = YES_AGGRESSIVE;
				CLANG_CXX_LANGUAGE_STANDARD = "gnu++14";
				CLANG_CXX_LIBRARY = "libc++";
				CLANG_ENABLE_MODULES = YES;
				CLANG_ENABLE_OBJC_ARC = YES;
				CLANG_ENABLE_OBJC_WEAK = YES;
				CLANG_WARN_BLOCK_CAPTURE_AUTORELEASING = YES;
				CLANG_WARN_BOOL_CONVERSION = YES;
				CLANG_WARN_COMMA = YES;
				CLANG_WARN_CONSTANT_CONVERSION = YES;
				CLANG_WARN_DEPRECATED_OBJC_IMPLEMENTATIONS = YES;
				CLANG_WARN_DIRECT_OBJC_ISA_USAGE = YES_ERROR;
				CLANG_WARN_DOCUMENTATION_COMMENTS = YES;
				CLANG_WARN_EMPTY_BODY = YES;
				CLANG_WARN_ENUM_CONVERSION = YES;
				CLANG_WARN_INFINITE_RECURSION = YES;
				CLANG_WARN_INT_CONVERSION = YES;
				CLANG_WARN_NON_LITERAL_NULL_CONVERSION = YES;
				CLANG_WARN_OBJC_IMPLICIT_RETAIN_SELF = YES;
				CLANG_WARN_OBJC_LITERAL_CONVERSION = YES;
				CLANG_WARN_OBJC_ROOT_CLASS = YES_ERROR;
				CLANG_WARN_QUOTED_INCLUDE_IN_FRAMEWORK_HEADER = YES;
				CLANG_WARN_RANGE_LOOP_ANALYSIS = YES;
				CLANG_WARN_STRICT_PROTOTYPES = YES;
				CLANG_WARN_SUSPICIOUS_MOVE = YES;
				CLANG_WARN_UNGUARDED_AVAILABILITY = YES_AGGRESSIVE;
				CLANG_WARN_UNREACHABLE_CODE = YES;
				CLANG_WARN__DUPLICATE_METHOD_MATCH = YES;
				COPY_PHASE_STRIP = NO;
				DEBUG_INFORMATION_FORMAT = dwarf;
				ENABLE_STRICT_OBJC_MSGSEND = YES;
				ENABLE_TESTABILITY = YES;
				GCC_C_LANGUAGE_STANDARD = gnu11;
				GCC_DYNAMIC_NO_PIC = NO;
				GCC_NO_COMMON_BLOCKS = YES;
				GCC_OPTIMIZATION_LEVEL = 0;
				GCC_PREPROCESSOR_DEFINITIONS = (
					"DEBUG=1",
					"$(inherited)",
				);
				GCC_WARN_64_TO_32_BIT_CONVERSION = YES;
				GCC_WARN_ABOUT_RETURN_TYPE = YES_ERROR;
				GCC_WARN_UNDECLARED_SELECTOR = YES;
				GCC_WARN_UNINITIALIZED_AUTOS = YES_AGGRESSIVE;
				GCC_WARN_UNUSED_FUNCTION = YES;
				GCC_WARN_UNUSED_VARIABLE = YES;
				MACOSX_DEPLOYMENT_TARGET = 10.14;
				MTL_ENABLE_DEBUG_INFO = INCLUDE_SOURCE;
				MTL_FAST_MATH = YES;
				ONLY_ACTIVE_ARCH = YES;
				SDKROOT = macosx;
				SWIFT_ACTIVE_COMPILATION_CONDITIONS = DEBUG;
				SWIFT_OPTIMIZATION_LEVEL = "-Onone";
				SWIFT_VERSION = 5.0;
			};
			name = Debug;
		};
		AB541B0C25C16A1600ECEBE2 /* Release */ = {
			isa = XCBuildConfiguration;
			buildSettings = {
				ALWAYS_SEARCH_USER_PATHS = NO;
				CLANG_ANALYZER_NONNULL = YES;
				CLANG_ANALYZER_NUMBER_OBJECT_CONVERSION = YES_AGGRESSIVE;
				CLANG_CXX_LANGUAGE_STANDARD = "gnu++14";
				CLANG_CXX_LIBRARY = "libc++";
				CLANG_ENABLE_MODULES = YES;
				CLANG_ENABLE_OBJC_ARC = YES;
				CLANG_ENABLE_OBJC_WEAK = YES;
				CLANG_WARN_BLOCK_CAPTURE_AUTORELEASING = YES;
				CLANG_WARN_BOOL_CONVERSION = YES;
				CLANG_WARN_COMMA = YES;
				CLANG_WARN_CONSTANT_CONVERSION = YES;
				CLANG_WARN_DEPRECATED_OBJC_IMPLEMENTATIONS = YES;
				CLANG_WARN_DIRECT_OBJC_ISA_USAGE = YES_ERROR;
				CLANG_WARN_DOCUMENTATION_COMMENTS = YES;
				CLANG_WARN_EMPTY_BODY = YES;
				CLANG_WARN_ENUM_CONVERSION = YES;
				CLANG_WARN_INFINITE_RECURSION = YES;
				CLANG_WARN_INT_CONVERSION = YES;
				CLANG_WARN_NON_LITERAL_NULL_CONVERSION = YES;
				CLANG_WARN_OBJC_IMPLICIT_RETAIN_SELF = YES;
				CLANG_WARN_OBJC_LITERAL_CONVERSION = YES;
				CLANG_WARN_OBJC_ROOT_CLASS = YES_ERROR;
				CLANG_WARN_QUOTED_INCLUDE_IN_FRAMEWORK_HEADER = YES;
				CLANG_WARN_RANGE_LOOP_ANALYSIS = YES;
				CLANG_WARN_STRICT_PROTOTYPES = YES;
				CLANG_WARN_SUSPICIOUS_MOVE = YES;
				CLANG_WARN_UNGUARDED_AVAILABILITY = YES_AGGRESSIVE;
				CLANG_WARN_UNREACHABLE_CODE = YES;
				CLANG_WARN__DUPLICATE_METHOD_MATCH = YES;
				COPY_PHASE_STRIP = NO;
				DEBUG_INFORMATION_FORMAT = "dwarf-with-dsym";
				ENABLE_NS_ASSERTIONS = NO;
				ENABLE_STRICT_OBJC_MSGSEND = YES;
				GCC_C_LANGUAGE_STANDARD = gnu11;
				GCC_NO_COMMON_BLOCKS = YES;
				GCC_WARN_64_TO_32_BIT_CONVERSION = YES;
				GCC_WARN_ABOUT_RETURN_TYPE = YES_ERROR;
				GCC_WARN_UNDECLARED_SELECTOR = YES;
				GCC_WARN_UNINITIALIZED_AUTOS = YES_AGGRESSIVE;
				GCC_WARN_UNUSED_FUNCTION = YES;
				GCC_WARN_UNUSED_VARIABLE = YES;
				MACOSX_DEPLOYMENT_TARGET = 10.14;
				MTL_ENABLE_DEBUG_INFO = NO;
				MTL_FAST_MATH = YES;
				SDKROOT = macosx;
				SWIFT_COMPILATION_MODE = wholemodule;
				SWIFT_OPTIMIZATION_LEVEL = "-O";
				SWIFT_VERSION = 5.0;
			};
			name = Release;
		};
		AB541B0E25C16A1600ECEBE2 /* Debug */ = {
			isa = XCBuildConfiguration;
			buildSettings = {
				ASSETCATALOG_COMPILER_APPICON_NAME = AppIcon;
				ASSETCATALOG_COMPILER_GLOBAL_ACCENT_COLOR_NAME = AccentColor;
				CLANG_ENABLE_MODULES = YES;
				CODE_SIGN_ENTITLEMENTS = NASMer/NASMer.entitlements;
				CODE_SIGN_IDENTITY = "-";
				CODE_SIGN_STYLE = Automatic;
				COMBINE_HIDPI_IMAGES = YES;
				DEVELOPMENT_ASSET_PATHS = "\"NASMer/Preview Content\"";
				ENABLE_PREVIEWS = YES;
				INFOPLIST_FILE = NASMer/Info.plist;
				LD_RUNPATH_SEARCH_PATHS = (
					"$(inherited)",
					"@executable_path/../Frameworks",
				);
				MACOSX_DEPLOYMENT_TARGET = 11.0;
				MARKETING_VERSION = 0.5;
				PRODUCT_BUNDLE_IDENTIFIER = KuangDa.NASMer;
				PRODUCT_NAME = "$(TARGET_NAME)";
				SWIFT_VERSION = 5.0;
			};
			name = Debug;
		};
		AB541B0F25C16A1600ECEBE2 /* Release */ = {
			isa = XCBuildConfiguration;
			buildSettings = {
				ASSETCATALOG_COMPILER_APPICON_NAME = AppIcon;
				ASSETCATALOG_COMPILER_GLOBAL_ACCENT_COLOR_NAME = AccentColor;
				CLANG_ENABLE_MODULES = YES;
				CODE_SIGN_ENTITLEMENTS = NASMer/NASMer.entitlements;
				CODE_SIGN_IDENTITY = "-";
				CODE_SIGN_STYLE = Automatic;
				COMBINE_HIDPI_IMAGES = YES;
				DEVELOPMENT_ASSET_PATHS = "\"NASMer/Preview Content\"";
				ENABLE_PREVIEWS = YES;
				INFOPLIST_FILE = NASMer/Info.plist;
				LD_RUNPATH_SEARCH_PATHS = (
					"$(inherited)",
					"@executable_path/../Frameworks",
				);
				MACOSX_DEPLOYMENT_TARGET = 11.0;
				MARKETING_VERSION = 0.5;
				PRODUCT_BUNDLE_IDENTIFIER = KuangDa.NASMer;
				PRODUCT_NAME = "$(TARGET_NAME)";
				SWIFT_VERSION = 5.0;
			};
			name = Release;
		};
/* End XCBuildConfiguration section */

/* Begin XCConfigurationList section */
		AB541AF825C16A1500ECEBE2 /* Build configuration list for PBXProject "NASMer" */ = {
			isa = XCConfigurationList;
			buildConfigurations = (
				AB541B0B25C16A1600ECEBE2 /* Debug */,
				AB541B0C25C16A1600ECEBE2 /* Release */,
			);
			defaultConfigurationIsVisible = 0;
			defaultConfigurationName = Release;
		};
		AB541B0D25C16A1600ECEBE2 /* Build configuration list for PBXNativeTarget "NASMer" */ = {
			isa = XCConfigurationList;
			buildConfigurations = (
				AB541B0E25C16A1600ECEBE2 /* Debug */,
				AB541B0F25C16A1600ECEBE2 /* Release */,
			);
			defaultConfigurationIsVisible = 0;
			defaultConfigurationName = Release;
		};
/* End XCConfigurationList section */

/* Begin XCRemoteSwiftPackageReference section */
		ABC9F1D625E970050058EE1F /* XCRemoteSwiftPackageReference "swift-argument-parser" */ = {
			isa = XCRemoteSwiftPackageReference;
			repositoryURL = "https://github.com/apple/swift-argument-parser";
			requirement = {
				kind = upToNextMajorVersion;
				minimumVersion = 0.3.2;
			};
		};
		ABC9F1DA25E9718D0058EE1F /* XCRemoteSwiftPackageReference "SwiftShell" */ = {
			isa = XCRemoteSwiftPackageReference;
			repositoryURL = "https://github.com/kareman/SwiftShell.git";
			requirement = {
				kind = upToNextMajorVersion;
				minimumVersion = 5.1.0;
			};
		};
/* End XCRemoteSwiftPackageReference section */

/* Begin XCSwiftPackageProductDependency section */
		ABC9F1D725E970050058EE1F /* ArgumentParser */ = {
			isa = XCSwiftPackageProductDependency;
			package = ABC9F1D625E970050058EE1F /* XCRemoteSwiftPackageReference "swift-argument-parser" */;
			productName = ArgumentParser;
		};
		ABC9F1DB25E9718D0058EE1F /* SwiftShell */ = {
			isa = XCSwiftPackageProductDependency;
			package = ABC9F1DA25E9718D0058EE1F /* XCRemoteSwiftPackageReference "SwiftShell" */;
			productName = SwiftShell;
		};
/* End XCSwiftPackageProductDependency section */
	};
	rootObject = AB541AF525C16A1500ECEBE2 /* Project object */;
}
